
Microsoft Visual Studio Solution File, Format Version 12.00
# Visual Studio Version 16
VisualStudioVersion = 16.0.31105.61
MinimumVisualStudioVersion = 10.0.40219.1
Project("{2150E333-8FDC-42A3-9474-1A3956D46DE8}") = "src", "src", "{92192E28-7A9C-4B22-85C2-2308987D872C}"
EndProject
Project("{9A19103F-16F7-4668-BE54-9A1E7A4F7556}") = "CSupporter.Core", "src\Core\CSupporter.Core\CSupporter.Core.csproj", "{13C37553-5F4C-4EDA-AC55-55E4E3565DA9}"
EndProject
Project("{9A19103F-16F7-4668-BE54-9A1E7A4F7556}") = "CSupporter.Shared", "src\Shared\CSupporter.Shared\CSupporter.Shared.csproj", "{2F475E2E-F676-4EBA-8887-30A5AE255F35}"
EndProject
Project("{9A19103F-16F7-4668-BE54-9A1E7A4F7556}") = "CSupporter.Modules.Contractors", "src\Modules\CSupporter.Modules.Contractors\CSupporter.Modules.Contractors.csproj", "{207A54ED-F402-452E-8A13-D89322963385}"
EndProject
Project("{9A19103F-16F7-4668-BE54-9A1E7A4F7556}") = "CSupporter.Modules.Factures", "src\Modules\CSupporter.Modules.Factures\CSupporter.Modules.Factures.csproj", "{CF8BF93B-2397-4F98-8E2C-171FCBE0B36E}"
EndProject
Project("{9A19103F-16F7-4668-BE54-9A1E7A4F7556}") = "CSupporter.Modules.Products", "src\Modules\CSupporter.Modules.Products\CSupporter.Modules.Products.csproj", "{D1B377E5-7D8F-42A3-A1B6-CD33E67FAC23}"
EndProject
Project("{9A19103F-16F7-4668-BE54-9A1E7A4F7556}") = "CSupporter.Modules.Income", "src\Modules\CSupporter.Modules.Income\CSupporter.Modules.Income.csproj", "{45F48CA9-CD51-4197-8F0A-F06F4BCB0D4B}"
EndProject
Project("{FAE04EC0-301F-11D3-BF4B-00C04F79EFBC}") = "CSupporter.Modules.View", "src\Modules\CSupporter.Modules.View\CSupporter.Modules.View.csproj", "{E8B92159-BA9F-443E-B9FC-3AE249856D31}"
EndProject
Global
	GlobalSection(SolutionConfigurationPlatforms) = preSolution
		Debug|Any CPU = Debug|Any CPU
		Release|Any CPU = Release|Any CPU
	EndGlobalSection
	GlobalSection(ProjectConfigurationPlatforms) = postSolution
		{13C37553-5F4C-4EDA-AC55-55E4E3565DA9}.Debug|Any CPU.ActiveCfg = Debug|Any CPU
		{13C37553-5F4C-4EDA-AC55-55E4E3565DA9}.Debug|Any CPU.Build.0 = Debug|Any CPU
		{13C37553-5F4C-4EDA-AC55-55E4E3565DA9}.Release|Any CPU.ActiveCfg = Release|Any CPU
		{13C37553-5F4C-4EDA-AC55-55E4E3565DA9}.Release|Any CPU.Build.0 = Release|Any CPU
		{2F475E2E-F676-4EBA-8887-30A5AE255F35}.Debug|Any CPU.ActiveCfg = Debug|Any CPU
		{2F475E2E-F676-4EBA-8887-30A5AE255F35}.Debug|Any CPU.Build.0 = Debug|Any CPU
		{2F475E2E-F676-4EBA-8887-30A5AE255F35}.Release|Any CPU.ActiveCfg = Release|Any CPU
		{2F475E2E-F676-4EBA-8887-30A5AE255F35}.Release|Any CPU.Build.0 = Release|Any CPU
		{207A54ED-F402-452E-8A13-D89322963385}.Debug|Any CPU.ActiveCfg = Debug|Any CPU
		{207A54ED-F402-452E-8A13-D89322963385}.Debug|Any CPU.Build.0 = Debug|Any CPU
		{207A54ED-F402-452E-8A13-D89322963385}.Release|Any CPU.ActiveCfg = Release|Any CPU
		{207A54ED-F402-452E-8A13-D89322963385}.Release|Any CPU.Build.0 = Release|Any CPU
		{CF8BF93B-2397-4F98-8E2C-171FCBE0B36E}.Debug|Any CPU.ActiveCfg = Debug|Any CPU
		{CF8BF93B-2397-4F98-8E2C-171FCBE0B36E}.Debug|Any CPU.Build.0 = Debug|Any CPU
		{CF8BF93B-2397-4F98-8E2C-171FCBE0B36E}.Release|Any CPU.ActiveCfg = Release|Any CPU
		{CF8BF93B-2397-4F98-8E2C-171FCBE0B36E}.Release|Any CPU.Build.0 = Release|Any CPU
		{D1B377E5-7D8F-42A3-A1B6-CD33E67FAC23}.Debug|Any CPU.ActiveCfg = Debug|Any CPU
		{D1B377E5-7D8F-42A3-A1B6-CD33E67FAC23}.Debug|Any CPU.Build.0 = Debug|Any CPU
		{D1B377E5-7D8F-42A3-A1B6-CD33E67FAC23}.Release|Any CPU.ActiveCfg = Release|Any CPU
		{D1B377E5-7D8F-42A3-A1B6-CD33E67FAC23}.Release|Any CPU.Build.0 = Release|Any CPU
		{45F48CA9-CD51-4197-8F0A-F06F4BCB0D4B}.Debug|Any CPU.ActiveCfg = Debug|Any CPU
		{45F48CA9-CD51-4197-8F0A-F06F4BCB0D4B}.Debug|Any CPU.Build.0 = Debug|Any CPU
		{45F48CA9-CD51-4197-8F0A-F06F4BCB0D4B}.Release|Any CPU.ActiveCfg = Release|Any CPU
		{45F48CA9-CD51-4197-8F0A-F06F4BCB0D4B}.Release|Any CPU.Build.0 = Release|Any CPU
		{E8B92159-BA9F-443E-B9FC-3AE249856D31}.Debug|Any CPU.ActiveCfg = Debug|Any CPU
		{E8B92159-BA9F-443E-B9FC-3AE249856D31}.Debug|Any CPU.Build.0 = Debug|Any CPU
		{E8B92159-BA9F-443E-B9FC-3AE249856D31}.Release|Any CPU.ActiveCfg = Release|Any CPU
		{E8B92159-BA9F-443E-B9FC-3AE249856D31}.Release|Any CPU.Build.0 = Release|Any CPU
	EndGlobalSection
	GlobalSection(SolutionProperties) = preSolution
		HideSolutionNode = FALSE
	EndGlobalSection
	GlobalSection(NestedProjects) = preSolution
		{13C37553-5F4C-4EDA-AC55-55E4E3565DA9} = {92192E28-7A9C-4B22-85C2-2308987D872C}
		{2F475E2E-F676-4EBA-8887-30A5AE255F35} = {92192E28-7A9C-4B22-85C2-2308987D872C}
		{207A54ED-F402-452E-8A13-D89322963385} = {92192E28-7A9C-4B22-85C2-2308987D872C}
		{CF8BF93B-2397-4F98-8E2C-171FCBE0B36E} = {92192E28-7A9C-4B22-85C2-2308987D872C}
		{D1B377E5-7D8F-42A3-A1B6-CD33E67FAC23} = {92192E28-7A9C-4B22-85C2-2308987D872C}
		{45F48CA9-CD51-4197-8F0A-F06F4BCB0D4B} = {92192E28-7A9C-4B22-85C2-2308987D872C}
		{E8B92159-BA9F-443E-B9FC-3AE249856D31} = {92192E28-7A9C-4B22-85C2-2308987D872C}
	EndGlobalSection
	GlobalSection(ExtensibilityGlobals) = postSolution
		SolutionGuid = {570CDA38-47A1-4C60-8B80-4A83A4C32BB3}
	EndGlobalSection
EndGlobal
