
Microsoft Visual Studio Solution File, Format Version 12.00
# Visual Studio Version 16
VisualStudioVersion = 16.0.31105.61
MinimumVisualStudioVersion = 10.0.40219.1
Project("{2150E333-8FDC-42A3-9474-1A3956D46DE8}") = "src", "src", "{92192E28-7A9C-4B22-85C2-2308987D872C}"
EndProject
Project("{2150E333-8FDC-42A3-9474-1A3956D46DE8}") = "Modules", "Modules", "{1C239D24-C777-4643-A2A3-4A6921325880}"
EndProject
Project("{2150E333-8FDC-42A3-9474-1A3956D46DE8}") = "Shared", "Shared", "{CAEA4D7A-4CE0-4FEA-80E7-ACD7DEC3BF06}"
EndProject
Project("{2150E333-8FDC-42A3-9474-1A3956D46DE8}") = "Core", "Core", "{60F9AE66-0B1F-49B0-85B5-4218C55EFA68}"
EndProject
Project("{FAE04EC0-301F-11D3-BF4B-00C04F79EFBC}") = "CSupporter.Core", "src\Core\CSupporter.Core\CSupporter.Core.csproj", "{13C37553-5F4C-4EDA-AC55-55E4E3565DA9}"
EndProject
Project("{FAE04EC0-301F-11D3-BF4B-00C04F79EFBC}") = "CSupporter.Shared", "src\Shared\CSupporter.Shared\CSupporter.Shared.csproj", "{2F475E2E-F676-4EBA-8887-30A5AE255F35}"
EndProject
Project("{2150E333-8FDC-42A3-9474-1A3956D46DE8}") = "Contractors", "Contractors", "{22716215-8612-4520-B61A-F0962997433E}"
EndProject
Project("{FAE04EC0-301F-11D3-BF4B-00C04F79EFBC}") = "CSupporter.Modules.Contractors", "src\Modules\CSupporter.Modules.Contractors\CSupporter.Modules.Contractors.csproj", "{207A54ED-F402-452E-8A13-D89322963385}"
EndProject
Project("{2150E333-8FDC-42A3-9474-1A3956D46DE8}") = "Factures", "Factures", "{49326698-74CB-4488-BDA8-3ACA73C83DB9}"
EndProject
Project("{FAE04EC0-301F-11D3-BF4B-00C04F79EFBC}") = "CSupporter.Modules.Factures", "src\Modules\CSupporter.Modules.Factures\CSupporter.Modules.Factures.csproj", "{CF8BF93B-2397-4F98-8E2C-171FCBE0B36E}"
EndProject
Project("{2150E333-8FDC-42A3-9474-1A3956D46DE8}") = "Products", "Products", "{26F57D12-63E6-4220-96C8-6B27D6EC39C3}"
EndProject
Project("{FAE04EC0-301F-11D3-BF4B-00C04F79EFBC}") = "CSupporter.Modules.Products", "src\Modules\CSupporter.Modules.Products\CSupporter.Modules.Products.csproj", "{D1B377E5-7D8F-42A3-A1B6-CD33E67FAC23}"
EndProject
Project("{2150E333-8FDC-42A3-9474-1A3956D46DE8}") = "Income", "Income", "{77107A5B-7C89-41E8-B402-34474CEDEA5A}"
EndProject
Project("{FAE04EC0-301F-11D3-BF4B-00C04F79EFBC}") = "CSupporter.Modules.Income", "src\Modules\CSupporter.Modules.Income\CSupporter.Modules.Income.csproj", "{45F48CA9-CD51-4197-8F0A-F06F4BCB0D4B}"
EndProject
Global
	GlobalSection(SolutionConfigurationPlatforms) = preSolution
		Debug|Any CPU = Debug|Any CPU
		Release|Any CPU = Release|Any CPU
	EndGlobalSection
	GlobalSection(ProjectConfigurationPlatforms) = postSolution
		{13C37553-5F4C-4EDA-AC55-55E4E3565DA9}.Debug|Any CPU.ActiveCfg = Debug|Any CPU
		{13C37553-5F4C-4EDA-AC55-55E4E3565DA9}.Debug|Any CPU.Build.0 = Debug|Any CPU
		{13C37553-5F4C-4EDA-AC55-55E4E3565DA9}.Release|Any CPU.ActiveCfg = Release|Any CPU
		{13C37553-5F4C-4EDA-AC55-55E4E3565DA9}.Release|Any CPU.Build.0 = Release|Any CPU
		{2F475E2E-F676-4EBA-8887-30A5AE255F35}.Debug|Any CPU.ActiveCfg = Debug|Any CPU
		{2F475E2E-F676-4EBA-8887-30A5AE255F35}.Debug|Any CPU.Build.0 = Debug|Any CPU
		{2F475E2E-F676-4EBA-8887-30A5AE255F35}.Release|Any CPU.ActiveCfg = Release|Any CPU
		{2F475E2E-F676-4EBA-8887-30A5AE255F35}.Release|Any CPU.Build.0 = Release|Any CPU
		{207A54ED-F402-452E-8A13-D89322963385}.Debug|Any CPU.ActiveCfg = Debug|Any CPU
		{207A54ED-F402-452E-8A13-D89322963385}.Debug|Any CPU.Build.0 = Debug|Any CPU
		{207A54ED-F402-452E-8A13-D89322963385}.Release|Any CPU.ActiveCfg = Release|Any CPU
		{207A54ED-F402-452E-8A13-D89322963385}.Release|Any CPU.Build.0 = Release|Any CPU
		{CF8BF93B-2397-4F98-8E2C-171FCBE0B36E}.Debug|Any CPU.ActiveCfg = Debug|Any CPU
		{CF8BF93B-2397-4F98-8E2C-171FCBE0B36E}.Debug|Any CPU.Build.0 = Debug|Any CPU
		{CF8BF93B-2397-4F98-8E2C-171FCBE0B36E}.Release|Any CPU.ActiveCfg = Release|Any CPU
		{CF8BF93B-2397-4F98-8E2C-171FCBE0B36E}.Release|Any CPU.Build.0 = Release|Any CPU
		{D1B377E5-7D8F-42A3-A1B6-CD33E67FAC23}.Debug|Any CPU.ActiveCfg = Debug|Any CPU
		{D1B377E5-7D8F-42A3-A1B6-CD33E67FAC23}.Debug|Any CPU.Build.0 = Debug|Any CPU
		{D1B377E5-7D8F-42A3-A1B6-CD33E67FAC23}.Release|Any CPU.ActiveCfg = Release|Any CPU
		{D1B377E5-7D8F-42A3-A1B6-CD33E67FAC23}.Release|Any CPU.Build.0 = Release|Any CPU
		{45F48CA9-CD51-4197-8F0A-F06F4BCB0D4B}.Debug|Any CPU.ActiveCfg = Debug|Any CPU
		{45F48CA9-CD51-4197-8F0A-F06F4BCB0D4B}.Debug|Any CPU.Build.0 = Debug|Any CPU
		{45F48CA9-CD51-4197-8F0A-F06F4BCB0D4B}.Release|Any CPU.ActiveCfg = Release|Any CPU
		{45F48CA9-CD51-4197-8F0A-F06F4BCB0D4B}.Release|Any CPU.Build.0 = Release|Any CPU
	EndGlobalSection
	GlobalSection(SolutionProperties) = preSolution
		HideSolutionNode = FALSE
	EndGlobalSection
	GlobalSection(NestedProjects) = preSolution
		{1C239D24-C777-4643-A2A3-4A6921325880} = {92192E28-7A9C-4B22-85C2-2308987D872C}
		{CAEA4D7A-4CE0-4FEA-80E7-ACD7DEC3BF06} = {92192E28-7A9C-4B22-85C2-2308987D872C}
		{60F9AE66-0B1F-49B0-85B5-4218C55EFA68} = {92192E28-7A9C-4B22-85C2-2308987D872C}
		{13C37553-5F4C-4EDA-AC55-55E4E3565DA9} = {60F9AE66-0B1F-49B0-85B5-4218C55EFA68}
		{2F475E2E-F676-4EBA-8887-30A5AE255F35} = {CAEA4D7A-4CE0-4FEA-80E7-ACD7DEC3BF06}
		{22716215-8612-4520-B61A-F0962997433E} = {1C239D24-C777-4643-A2A3-4A6921325880}
		{207A54ED-F402-452E-8A13-D89322963385} = {22716215-8612-4520-B61A-F0962997433E}
		{49326698-74CB-4488-BDA8-3ACA73C83DB9} = {1C239D24-C777-4643-A2A3-4A6921325880}
		{CF8BF93B-2397-4F98-8E2C-171FCBE0B36E} = {49326698-74CB-4488-BDA8-3ACA73C83DB9}
		{26F57D12-63E6-4220-96C8-6B27D6EC39C3} = {1C239D24-C777-4643-A2A3-4A6921325880}
		{D1B377E5-7D8F-42A3-A1B6-CD33E67FAC23} = {26F57D12-63E6-4220-96C8-6B27D6EC39C3}
		{77107A5B-7C89-41E8-B402-34474CEDEA5A} = {1C239D24-C777-4643-A2A3-4A6921325880}
		{45F48CA9-CD51-4197-8F0A-F06F4BCB0D4B} = {77107A5B-7C89-41E8-B402-34474CEDEA5A}
	EndGlobalSection
	GlobalSection(ExtensibilityGlobals) = postSolution
		SolutionGuid = {570CDA38-47A1-4C60-8B80-4A83A4C32BB3}
	EndGlobalSection
EndGlobal
